
Microsoft Visual Studio Solution File, Format Version 12.00
# Visual Studio Version 16
VisualStudioVersion = 16.0.31313.79
MinimumVisualStudioVersion = 10.0.40219.1
Project("{FAE04EC0-301F-11D3-BF4B-00C04F79EFBC}") = "BackendHospitalQueue", "BackendHospitalQueue\BackendHospitalQueue.csproj", "{CD278AA2-DE08-44E5-BAD4-5413DA523008}"
EndProject
Global
	GlobalSection(SolutionConfigurationPlatforms) = preSolution
		Debug|Any CPU = Debug|Any CPU
		Release|Any CPU = Release|Any CPU
	EndGlobalSection
	GlobalSection(ProjectConfigurationPlatforms) = postSolution
		{CD278AA2-DE08-44E5-BAD4-5413DA523008}.Debug|Any CPU.ActiveCfg = Debug|Any CPU
		{CD278AA2-DE08-44E5-BAD4-5413DA523008}.Debug|Any CPU.Build.0 = Debug|Any CPU
		{CD278AA2-DE08-44E5-BAD4-5413DA523008}.Release|Any CPU.ActiveCfg = Release|Any CPU
		{CD278AA2-DE08-44E5-BAD4-5413DA523008}.Release|Any CPU.Build.0 = Release|Any CPU
	EndGlobalSection
	GlobalSection(SolutionProperties) = preSolution
		HideSolutionNode = FALSE
	EndGlobalSection
	GlobalSection(ExtensibilityGlobals) = postSolution
		SolutionGuid = {2C9B8E32-93C8-4DAD-B4A6-5A395EC6C532}
	EndGlobalSection
EndGlobal
